
Microsoft Visual Studio Solution File, Format Version 12.00
# Visual Studio 15
VisualStudioVersion = 15.0.26124.0
MinimumVisualStudioVersion = 15.0.26124.0
Project("{FAE04EC0-301F-11D3-BF4B-00C04F79EFBC}") = "ProAgil.API", "ProAgil.WebAPI\ProAgil.API.csproj", "{5E3E0769-D9F2-46F2-8C3D-49FF3C86FD49}"
EndProject
Project("{FAE04EC0-301F-11D3-BF4B-00C04F79EFBC}") = "ProAgil.Repository", "ProAgil.Repository\ProAgil.Repository.csproj", "{0E5F9F42-F79B-43A1-95D6-F6DA16AAB163}"
EndProject
Project("{FAE04EC0-301F-11D3-BF4B-00C04F79EFBC}") = "ProAgil.Domain", "ProAgil.Domain\ProAgil.Domain.csproj", "{415A51A1-B0EA-4749-AE05-FD1761D5C225}"
EndProject
Global
	GlobalSection(SolutionConfigurationPlatforms) = preSolution
		Debug|Any CPU = Debug|Any CPU
		Debug|x64 = Debug|x64
		Debug|x86 = Debug|x86
		Release|Any CPU = Release|Any CPU
		Release|x64 = Release|x64
		Release|x86 = Release|x86
	EndGlobalSection
	GlobalSection(SolutionProperties) = preSolution
		HideSolutionNode = FALSE
	EndGlobalSection
	GlobalSection(ProjectConfigurationPlatforms) = postSolution
		{5E3E0769-D9F2-46F2-8C3D-49FF3C86FD49}.Debug|Any CPU.ActiveCfg = Debug|Any CPU
		{5E3E0769-D9F2-46F2-8C3D-49FF3C86FD49}.Debug|Any CPU.Build.0 = Debug|Any CPU
		{5E3E0769-D9F2-46F2-8C3D-49FF3C86FD49}.Debug|x64.ActiveCfg = Debug|Any CPU
		{5E3E0769-D9F2-46F2-8C3D-49FF3C86FD49}.Debug|x64.Build.0 = Debug|Any CPU
		{5E3E0769-D9F2-46F2-8C3D-49FF3C86FD49}.Debug|x86.ActiveCfg = Debug|Any CPU
		{5E3E0769-D9F2-46F2-8C3D-49FF3C86FD49}.Debug|x86.Build.0 = Debug|Any CPU
		{5E3E0769-D9F2-46F2-8C3D-49FF3C86FD49}.Release|Any CPU.ActiveCfg = Release|Any CPU
		{5E3E0769-D9F2-46F2-8C3D-49FF3C86FD49}.Release|Any CPU.Build.0 = Release|Any CPU
		{5E3E0769-D9F2-46F2-8C3D-49FF3C86FD49}.Release|x64.ActiveCfg = Release|Any CPU
		{5E3E0769-D9F2-46F2-8C3D-49FF3C86FD49}.Release|x64.Build.0 = Release|Any CPU
		{5E3E0769-D9F2-46F2-8C3D-49FF3C86FD49}.Release|x86.ActiveCfg = Release|Any CPU
		{5E3E0769-D9F2-46F2-8C3D-49FF3C86FD49}.Release|x86.Build.0 = Release|Any CPU
		{0E5F9F42-F79B-43A1-95D6-F6DA16AAB163}.Debug|Any CPU.ActiveCfg = Debug|Any CPU
		{0E5F9F42-F79B-43A1-95D6-F6DA16AAB163}.Debug|Any CPU.Build.0 = Debug|Any CPU
		{0E5F9F42-F79B-43A1-95D6-F6DA16AAB163}.Debug|x64.ActiveCfg = Debug|Any CPU
		{0E5F9F42-F79B-43A1-95D6-F6DA16AAB163}.Debug|x64.Build.0 = Debug|Any CPU
		{0E5F9F42-F79B-43A1-95D6-F6DA16AAB163}.Debug|x86.ActiveCfg = Debug|Any CPU
		{0E5F9F42-F79B-43A1-95D6-F6DA16AAB163}.Debug|x86.Build.0 = Debug|Any CPU
		{0E5F9F42-F79B-43A1-95D6-F6DA16AAB163}.Release|Any CPU.ActiveCfg = Release|Any CPU
		{0E5F9F42-F79B-43A1-95D6-F6DA16AAB163}.Release|Any CPU.Build.0 = Release|Any CPU
		{0E5F9F42-F79B-43A1-95D6-F6DA16AAB163}.Release|x64.ActiveCfg = Release|Any CPU
		{0E5F9F42-F79B-43A1-95D6-F6DA16AAB163}.Release|x64.Build.0 = Release|Any CPU
		{0E5F9F42-F79B-43A1-95D6-F6DA16AAB163}.Release|x86.ActiveCfg = Release|Any CPU
		{0E5F9F42-F79B-43A1-95D6-F6DA16AAB163}.Release|x86.Build.0 = Release|Any CPU
		{415A51A1-B0EA-4749-AE05-FD1761D5C225}.Debug|Any CPU.ActiveCfg = Debug|Any CPU
		{415A51A1-B0EA-4749-AE05-FD1761D5C225}.Debug|Any CPU.Build.0 = Debug|Any CPU
		{415A51A1-B0EA-4749-AE05-FD1761D5C225}.Debug|x64.ActiveCfg = Debug|Any CPU
		{415A51A1-B0EA-4749-AE05-FD1761D5C225}.Debug|x64.Build.0 = Debug|Any CPU
		{415A51A1-B0EA-4749-AE05-FD1761D5C225}.Debug|x86.ActiveCfg = Debug|Any CPU
		{415A51A1-B0EA-4749-AE05-FD1761D5C225}.Debug|x86.Build.0 = Debug|Any CPU
		{415A51A1-B0EA-4749-AE05-FD1761D5C225}.Release|Any CPU.ActiveCfg = Release|Any CPU
		{415A51A1-B0EA-4749-AE05-FD1761D5C225}.Release|Any CPU.Build.0 = Release|Any CPU
		{415A51A1-B0EA-4749-AE05-FD1761D5C225}.Release|x64.ActiveCfg = Release|Any CPU
		{415A51A1-B0EA-4749-AE05-FD1761D5C225}.Release|x64.Build.0 = Release|Any CPU
		{415A51A1-B0EA-4749-AE05-FD1761D5C225}.Release|x86.ActiveCfg = Release|Any CPU
		{415A51A1-B0EA-4749-AE05-FD1761D5C225}.Release|x86.Build.0 = Release|Any CPU
	EndGlobalSection
EndGlobal
